// !$*UTF8*$!
{
	archiveVersion = 1;
	classes = {
	};
	objectVersion = 50;
	objects = {

/* Begin PBXBuildFile section */
		340B083224F903D000F83766 /* MoneyWidgetViewInput.swift in Sources */ = {isa = PBXBuildFile; fileRef = 340B083024F903D000F83766 /* MoneyWidgetViewInput.swift */; };
		340B083324F903D000F83766 /* MoneyWidgetViewOutput.swift in Sources */ = {isa = PBXBuildFile; fileRef = 340B083124F903D000F83766 /* MoneyWidgetViewOutput.swift */; };
		340B083624F9076600F83766 /* MoneyModuleConfigurator.swift in Sources */ = {isa = PBXBuildFile; fileRef = 340B083524F9076600F83766 /* MoneyModuleConfigurator.swift */; };
		340B083924F91E2F00F83766 /* CardInfo.swift in Sources */ = {isa = PBXBuildFile; fileRef = 340B083824F91E2F00F83766 /* CardInfo.swift */; };
		340B083B24F91EAA00F83766 /* CardInfoView.swift in Sources */ = {isa = PBXBuildFile; fileRef = 340B083A24F91EAA00F83766 /* CardInfoView.swift */; };
		340B083D24F91FCD00F83766 /* Currency.swift in Sources */ = {isa = PBXBuildFile; fileRef = 340B083C24F91FCD00F83766 /* Currency.swift */; };
		341C7D3D24F40E6500C6EA9C /* AppDelegate.swift in Sources */ = {isa = PBXBuildFile; fileRef = 341C7D3C24F40E6500C6EA9C /* AppDelegate.swift */; };
		341C7D4624F40E6600C6EA9C /* Assets.xcassets in Resources */ = {isa = PBXBuildFile; fileRef = 341C7D4524F40E6600C6EA9C /* Assets.xcassets */; };
		341C7D4924F40E6600C6EA9C /* LaunchScreen.storyboard in Resources */ = {isa = PBXBuildFile; fileRef = 341C7D4724F40E6600C6EA9C /* LaunchScreen.storyboard */; };
		341C7D5424F40E6600C6EA9C /* yotaTests.swift in Sources */ = {isa = PBXBuildFile; fileRef = 341C7D5324F40E6600C6EA9C /* yotaTests.swift */; };
		341C7D5F24F40E6600C6EA9C /* yotaUITests.swift in Sources */ = {isa = PBXBuildFile; fileRef = 341C7D5E24F40E6600C6EA9C /* yotaUITests.swift */; };
		344E2A2E24F81CD700E9A24F /* UIFont.swift in Sources */ = {isa = PBXBuildFile; fileRef = 344E2A2D24F81CD700E9A24F /* UIFont.swift */; };
		344E2A3024F81DB900E9A24F /* UIColor.swift in Sources */ = {isa = PBXBuildFile; fileRef = 344E2A2F24F81DB900E9A24F /* UIColor.swift */; };
		344E2A3924F83BF300E9A24F /* PaySystemView.swift in Sources */ = {isa = PBXBuildFile; fileRef = 344E2A3824F83BF300E9A24F /* PaySystemView.swift */; };
		344E2A3C24F85A5000E9A24F /* MoneyPresenter.swift in Sources */ = {isa = PBXBuildFile; fileRef = 344E2A3B24F85A5000E9A24F /* MoneyPresenter.swift */; };
		344E2A3E24F878F300E9A24F /* MoneyModuleProtocol.swift in Sources */ = {isa = PBXBuildFile; fileRef = 344E2A3D24F878F300E9A24F /* MoneyModuleProtocol.swift */; };
		344E2A4024F87A1C00E9A24F /* MoneyModuleInput.swift in Sources */ = {isa = PBXBuildFile; fileRef = 344E2A3F24F87A1C00E9A24F /* MoneyModuleInput.swift */; };
		344E2A4224F87A3900E9A24F /* MoneyModuleOutput.swift in Sources */ = {isa = PBXBuildFile; fileRef = 344E2A4124F87A3900E9A24F /* MoneyModuleOutput.swift */; };
		346E7DA924FBDD4000C9712D /* MoneyHeaderModuleInput.swift in Sources */ = {isa = PBXBuildFile; fileRef = 346E7DA824FBDD4000C9712D /* MoneyHeaderModuleInput.swift */; };
		346E7DAB24FBDD8400C9712D /* MoneyHeaderModuleOutput.swift in Sources */ = {isa = PBXBuildFile; fileRef = 346E7DAA24FBDD8400C9712D /* MoneyHeaderModuleOutput.swift */; };
		347A5C4424F7061900EDF0D2 /* MoneyWidgetView.swift in Sources */ = {isa = PBXBuildFile; fileRef = 347A5C4324F7061900EDF0D2 /* MoneyWidgetView.swift */; };
		347A5C5324F7170B00EDF0D2 /* Circe-Regular.ttf in Resources */ = {isa = PBXBuildFile; fileRef = 347A5C5024F7170B00EDF0D2 /* Circe-Regular.ttf */; };
		347A5C5424F7170B00EDF0D2 /* Circe-Bold.ttf in Resources */ = {isa = PBXBuildFile; fileRef = 347A5C5124F7170B00EDF0D2 /* Circe-Bold.ttf */; };
		347A5C5524F7170B00EDF0D2 /* Circe-ExtraBold.ttf in Resources */ = {isa = PBXBuildFile; fileRef = 347A5C5224F7170B00EDF0D2 /* Circe-ExtraBold.ttf */; };
		34951AA124F98C52002FF3C7 /* BalanceFormatter.swift in Sources */ = {isa = PBXBuildFile; fileRef = 34951AA024F98C52002FF3C7 /* BalanceFormatter.swift */; };
		34951AA324F98CC6002FF3C7 /* AccountNumberFormatter.swift in Sources */ = {isa = PBXBuildFile; fileRef = 34951AA224F98CC6002FF3C7 /* AccountNumberFormatter.swift */; };
		34951AA724F9916B002FF3C7 /* GetCustomerAccountDataUseCase.swift in Sources */ = {isa = PBXBuildFile; fileRef = 34951AA624F9916B002FF3C7 /* GetCustomerAccountDataUseCase.swift */; };
		34951AA924F99E7B002FF3C7 /* PaySystem.swift in Sources */ = {isa = PBXBuildFile; fileRef = 34951AA824F99E7B002FF3C7 /* PaySystem.swift */; };
		34D45E0324FA750600A56152 /* MoneyHeadertView.swift in Sources */ = {isa = PBXBuildFile; fileRef = 34D45E0224FA750600A56152 /* MoneyHeadertView.swift */; };
		34D45E0824FA76F900A56152 /* MoneyHeaderViewInput.swift in Sources */ = {isa = PBXBuildFile; fileRef = 34D45E0724FA76F900A56152 /* MoneyHeaderViewInput.swift */; };
		34D45E0A24FA778900A56152 /* MoneyHeaderViewOutput.swift in Sources */ = {isa = PBXBuildFile; fileRef = 34D45E0924FA778900A56152 /* MoneyHeaderViewOutput.swift */; };
		34D45E0C24FA77BA00A56152 /* MoneyHeaderPresenter.swift in Sources */ = {isa = PBXBuildFile; fileRef = 34D45E0B24FA77BA00A56152 /* MoneyHeaderPresenter.swift */; };
		3ADA2AC824F84FB800CB6E89 /* MainScreenViewOutput.swift in Sources */ = {isa = PBXBuildFile; fileRef = 3ADA2AC724F84FB800CB6E89 /* MainScreenViewOutput.swift */; };
		3ADA2ACA24F84FCC00CB6E89 /* MainScreenModuleOutput.swift in Sources */ = {isa = PBXBuildFile; fileRef = 3ADA2AC924F84FCC00CB6E89 /* MainScreenModuleOutput.swift */; };
		3ADA2ACC24F84FEF00CB6E89 /* MainScreenInput.swift in Sources */ = {isa = PBXBuildFile; fileRef = 3ADA2ACB24F84FEF00CB6E89 /* MainScreenInput.swift */; };
		3ADF305E24F8427200DE8045 /* MainScreenConfigurator.swift in Sources */ = {isa = PBXBuildFile; fileRef = 3ADF305D24F8427200DE8045 /* MainScreenConfigurator.swift */; };
		3AFCCB3424F7FA230083C773 /* MainScreenViewController.swift in Sources */ = {isa = PBXBuildFile; fileRef = 3AFCCB3324F7FA220083C773 /* MainScreenViewController.swift */; };
		3AFCCB3624F7FA450083C773 /* MainScreenPresenter.swift in Sources */ = {isa = PBXBuildFile; fileRef = 3AFCCB3524F7FA450083C773 /* MainScreenPresenter.swift */; };
		3AFCCB3924F810CE0083C773 /* AppCoordinator.swift in Sources */ = {isa = PBXBuildFile; fileRef = 3AFCCB3824F810CE0083C773 /* AppCoordinator.swift */; };
/* End PBXBuildFile section */

/* Begin PBXContainerItemProxy section */
		341C7D5024F40E6600C6EA9C /* PBXContainerItemProxy */ = {
			isa = PBXContainerItemProxy;
			containerPortal = 341C7D3124F40E6500C6EA9C /* Project object */;
			proxyType = 1;
			remoteGlobalIDString = 341C7D3824F40E6500C6EA9C;
			remoteInfo = yota;
		};
		341C7D5B24F40E6600C6EA9C /* PBXContainerItemProxy */ = {
			isa = PBXContainerItemProxy;
			containerPortal = 341C7D3124F40E6500C6EA9C /* Project object */;
			proxyType = 1;
			remoteGlobalIDString = 341C7D3824F40E6500C6EA9C;
			remoteInfo = yota;
		};
/* End PBXContainerItemProxy section */

/* Begin PBXFileReference section */
		340B083024F903D000F83766 /* MoneyWidgetViewInput.swift */ = {isa = PBXFileReference; fileEncoding = 4; lastKnownFileType = sourcecode.swift; path = MoneyWidgetViewInput.swift; sourceTree = "<group>"; };
		340B083124F903D000F83766 /* MoneyWidgetViewOutput.swift */ = {isa = PBXFileReference; fileEncoding = 4; lastKnownFileType = sourcecode.swift; path = MoneyWidgetViewOutput.swift; sourceTree = "<group>"; };
		340B083524F9076600F83766 /* MoneyModuleConfigurator.swift */ = {isa = PBXFileReference; lastKnownFileType = sourcecode.swift; path = MoneyModuleConfigurator.swift; sourceTree = "<group>"; };
		340B083824F91E2F00F83766 /* CardInfo.swift */ = {isa = PBXFileReference; lastKnownFileType = sourcecode.swift; path = CardInfo.swift; sourceTree = "<group>"; };
		340B083A24F91EAA00F83766 /* CardInfoView.swift */ = {isa = PBXFileReference; fileEncoding = 4; lastKnownFileType = sourcecode.swift; path = CardInfoView.swift; sourceTree = "<group>"; };
		340B083C24F91FCD00F83766 /* Currency.swift */ = {isa = PBXFileReference; lastKnownFileType = sourcecode.swift; path = Currency.swift; sourceTree = "<group>"; };
		341C7D3924F40E6500C6EA9C /* yota.app */ = {isa = PBXFileReference; explicitFileType = wrapper.application; includeInIndex = 0; path = yota.app; sourceTree = BUILT_PRODUCTS_DIR; };
		341C7D3C24F40E6500C6EA9C /* AppDelegate.swift */ = {isa = PBXFileReference; lastKnownFileType = sourcecode.swift; path = AppDelegate.swift; sourceTree = "<group>"; };
		341C7D4524F40E6600C6EA9C /* Assets.xcassets */ = {isa = PBXFileReference; lastKnownFileType = folder.assetcatalog; path = Assets.xcassets; sourceTree = "<group>"; };
		341C7D4824F40E6600C6EA9C /* Base */ = {isa = PBXFileReference; lastKnownFileType = file.storyboard; name = Base; path = Base.lproj/LaunchScreen.storyboard; sourceTree = "<group>"; };
		341C7D4A24F40E6600C6EA9C /* Info.plist */ = {isa = PBXFileReference; lastKnownFileType = text.plist.xml; path = Info.plist; sourceTree = "<group>"; };
		341C7D4F24F40E6600C6EA9C /* yotaTests.xctest */ = {isa = PBXFileReference; explicitFileType = wrapper.cfbundle; includeInIndex = 0; path = yotaTests.xctest; sourceTree = BUILT_PRODUCTS_DIR; };
		341C7D5324F40E6600C6EA9C /* yotaTests.swift */ = {isa = PBXFileReference; lastKnownFileType = sourcecode.swift; path = yotaTests.swift; sourceTree = "<group>"; };
		341C7D5524F40E6600C6EA9C /* Info.plist */ = {isa = PBXFileReference; lastKnownFileType = text.plist.xml; path = Info.plist; sourceTree = "<group>"; };
		341C7D5A24F40E6600C6EA9C /* yotaUITests.xctest */ = {isa = PBXFileReference; explicitFileType = wrapper.cfbundle; includeInIndex = 0; path = yotaUITests.xctest; sourceTree = BUILT_PRODUCTS_DIR; };
		341C7D5E24F40E6600C6EA9C /* yotaUITests.swift */ = {isa = PBXFileReference; lastKnownFileType = sourcecode.swift; path = yotaUITests.swift; sourceTree = "<group>"; };
		341C7D6024F40E6600C6EA9C /* Info.plist */ = {isa = PBXFileReference; lastKnownFileType = text.plist.xml; path = Info.plist; sourceTree = "<group>"; };
		344E2A2D24F81CD700E9A24F /* UIFont.swift */ = {isa = PBXFileReference; lastKnownFileType = sourcecode.swift; path = UIFont.swift; sourceTree = "<group>"; };
		344E2A2F24F81DB900E9A24F /* UIColor.swift */ = {isa = PBXFileReference; lastKnownFileType = sourcecode.swift; path = UIColor.swift; sourceTree = "<group>"; };
		344E2A3824F83BF300E9A24F /* PaySystemView.swift */ = {isa = PBXFileReference; lastKnownFileType = sourcecode.swift; path = PaySystemView.swift; sourceTree = "<group>"; };
		344E2A3B24F85A5000E9A24F /* MoneyPresenter.swift */ = {isa = PBXFileReference; lastKnownFileType = sourcecode.swift; path = MoneyPresenter.swift; sourceTree = "<group>"; };
		344E2A3D24F878F300E9A24F /* MoneyModuleProtocol.swift */ = {isa = PBXFileReference; lastKnownFileType = sourcecode.swift; path = MoneyModuleProtocol.swift; sourceTree = "<group>"; };
		344E2A3F24F87A1C00E9A24F /* MoneyModuleInput.swift */ = {isa = PBXFileReference; lastKnownFileType = sourcecode.swift; path = MoneyModuleInput.swift; sourceTree = "<group>"; };
		344E2A4124F87A3900E9A24F /* MoneyModuleOutput.swift */ = {isa = PBXFileReference; lastKnownFileType = sourcecode.swift; path = MoneyModuleOutput.swift; sourceTree = "<group>"; };
		346E7DA824FBDD4000C9712D /* MoneyHeaderModuleInput.swift */ = {isa = PBXFileReference; lastKnownFileType = sourcecode.swift; path = MoneyHeaderModuleInput.swift; sourceTree = "<group>"; };
		346E7DAA24FBDD8400C9712D /* MoneyHeaderModuleOutput.swift */ = {isa = PBXFileReference; lastKnownFileType = sourcecode.swift; path = MoneyHeaderModuleOutput.swift; sourceTree = "<group>"; };
		347A5C4324F7061900EDF0D2 /* MoneyWidgetView.swift */ = {isa = PBXFileReference; lastKnownFileType = sourcecode.swift; path = MoneyWidgetView.swift; sourceTree = "<group>"; };
		347A5C5024F7170B00EDF0D2 /* Circe-Regular.ttf */ = {isa = PBXFileReference; lastKnownFileType = file; path = "Circe-Regular.ttf"; sourceTree = "<group>"; };
		347A5C5124F7170B00EDF0D2 /* Circe-Bold.ttf */ = {isa = PBXFileReference; lastKnownFileType = file; path = "Circe-Bold.ttf"; sourceTree = "<group>"; };
		347A5C5224F7170B00EDF0D2 /* Circe-ExtraBold.ttf */ = {isa = PBXFileReference; lastKnownFileType = file; path = "Circe-ExtraBold.ttf"; sourceTree = "<group>"; };
		34951AA024F98C52002FF3C7 /* BalanceFormatter.swift */ = {isa = PBXFileReference; lastKnownFileType = sourcecode.swift; path = BalanceFormatter.swift; sourceTree = "<group>"; };
		34951AA224F98CC6002FF3C7 /* AccountNumberFormatter.swift */ = {isa = PBXFileReference; lastKnownFileType = sourcecode.swift; path = AccountNumberFormatter.swift; sourceTree = "<group>"; };
		34951AA624F9916B002FF3C7 /* GetCustomerAccountDataUseCase.swift */ = {isa = PBXFileReference; lastKnownFileType = sourcecode.swift; path = GetCustomerAccountDataUseCase.swift; sourceTree = "<group>"; };
		34951AA824F99E7B002FF3C7 /* PaySystem.swift */ = {isa = PBXFileReference; lastKnownFileType = sourcecode.swift; path = PaySystem.swift; sourceTree = "<group>"; };
		34D45E0224FA750600A56152 /* MoneyHeadertView.swift */ = {isa = PBXFileReference; lastKnownFileType = sourcecode.swift; path = MoneyHeadertView.swift; sourceTree = "<group>"; };
		34D45E0724FA76F900A56152 /* MoneyHeaderViewInput.swift */ = {isa = PBXFileReference; lastKnownFileType = sourcecode.swift; path = MoneyHeaderViewInput.swift; sourceTree = "<group>"; };
		34D45E0924FA778900A56152 /* MoneyHeaderViewOutput.swift */ = {isa = PBXFileReference; lastKnownFileType = sourcecode.swift; path = MoneyHeaderViewOutput.swift; sourceTree = "<group>"; };
		34D45E0B24FA77BA00A56152 /* MoneyHeaderPresenter.swift */ = {isa = PBXFileReference; lastKnownFileType = sourcecode.swift; path = MoneyHeaderPresenter.swift; sourceTree = "<group>"; };
		3ADA2AC724F84FB800CB6E89 /* MainScreenViewOutput.swift */ = {isa = PBXFileReference; lastKnownFileType = sourcecode.swift; path = MainScreenViewOutput.swift; sourceTree = "<group>"; };
		3ADA2AC924F84FCC00CB6E89 /* MainScreenModuleOutput.swift */ = {isa = PBXFileReference; lastKnownFileType = sourcecode.swift; path = MainScreenModuleOutput.swift; sourceTree = "<group>"; };
		3ADA2ACB24F84FEF00CB6E89 /* MainScreenInput.swift */ = {isa = PBXFileReference; lastKnownFileType = sourcecode.swift; path = MainScreenInput.swift; sourceTree = "<group>"; };
		3ADF305D24F8427200DE8045 /* MainScreenConfigurator.swift */ = {isa = PBXFileReference; lastKnownFileType = sourcecode.swift; path = MainScreenConfigurator.swift; sourceTree = "<group>"; };
		3AFCCB3324F7FA220083C773 /* MainScreenViewController.swift */ = {isa = PBXFileReference; lastKnownFileType = sourcecode.swift; path = MainScreenViewController.swift; sourceTree = "<group>"; };
		3AFCCB3524F7FA450083C773 /* MainScreenPresenter.swift */ = {isa = PBXFileReference; lastKnownFileType = sourcecode.swift; path = MainScreenPresenter.swift; sourceTree = "<group>"; };
		3AFCCB3824F810CE0083C773 /* AppCoordinator.swift */ = {isa = PBXFileReference; lastKnownFileType = sourcecode.swift; path = AppCoordinator.swift; sourceTree = "<group>"; };
/* End PBXFileReference section */

/* Begin PBXFrameworksBuildPhase section */
		341C7D3624F40E6500C6EA9C /* Frameworks */ = {
			isa = PBXFrameworksBuildPhase;
			buildActionMask = 2147483647;
			files = (
			);
			runOnlyForDeploymentPostprocessing = 0;
		};
		341C7D4C24F40E6600C6EA9C /* Frameworks */ = {
			isa = PBXFrameworksBuildPhase;
			buildActionMask = 2147483647;
			files = (
			);
			runOnlyForDeploymentPostprocessing = 0;
		};
		341C7D5724F40E6600C6EA9C /* Frameworks */ = {
			isa = PBXFrameworksBuildPhase;
			buildActionMask = 2147483647;
			files = (
			);
			runOnlyForDeploymentPostprocessing = 0;
		};
/* End PBXFrameworksBuildPhase section */

/* Begin PBXGroup section */
		340B083424F9074A00F83766 /* Configurator */ = {
			isa = PBXGroup;
			children = (
				340B083524F9076600F83766 /* MoneyModuleConfigurator.swift */,
			);
			path = Configurator;
			sourceTree = "<group>";
		};
		340B083724F91E0400F83766 /* Entities */ = {
			isa = PBXGroup;
			children = (
				340B083824F91E2F00F83766 /* CardInfo.swift */,
				340B083C24F91FCD00F83766 /* Currency.swift */,
				34951AA824F99E7B002FF3C7 /* PaySystem.swift */,
			);
			path = Entities;
			sourceTree = "<group>";
		};
		341C7D3024F40E6500C6EA9C = {
			isa = PBXGroup;
			children = (
				341C7D3B24F40E6500C6EA9C /* yota */,
				341C7D5224F40E6600C6EA9C /* yotaTests */,
				341C7D5D24F40E6600C6EA9C /* yotaUITests */,
				341C7D3A24F40E6500C6EA9C /* Products */,
			);
			sourceTree = "<group>";
		};
		341C7D3A24F40E6500C6EA9C /* Products */ = {
			isa = PBXGroup;
			children = (
				341C7D3924F40E6500C6EA9C /* yota.app */,
				341C7D4F24F40E6600C6EA9C /* yotaTests.xctest */,
				341C7D5A24F40E6600C6EA9C /* yotaUITests.xctest */,
			);
			name = Products;
			sourceTree = "<group>";
		};
		341C7D3B24F40E6500C6EA9C /* yota */ = {
			isa = PBXGroup;
			children = (
				34951A9E24F98C1D002FF3C7 /* Common */,
				340B083724F91E0400F83766 /* Entities */,
				34951AA524F9913E002FF3C7 /* BusinessLogicLayer */,
				344E2A3124F81E3D00E9A24F /* PresentationLayer */,
				344E2A2C24F81C7600E9A24F /* Extensions */,
				347A5C4F24F7168100EDF0D2 /* Fonts */,
				3AFCCB3A24F831E70083C773 /* Main files */,
				3AFCCB3B24F831F80083C773 /* Coordinators */,
				3AFCCB3724F7FC0E0083C773 /* MainScreen */,
			);
			path = yota;
			sourceTree = "<group>";
		};
		341C7D5224F40E6600C6EA9C /* yotaTests */ = {
			isa = PBXGroup;
			children = (
				341C7D5324F40E6600C6EA9C /* yotaTests.swift */,
				341C7D5524F40E6600C6EA9C /* Info.plist */,
			);
			path = yotaTests;
			sourceTree = "<group>";
		};
		341C7D5D24F40E6600C6EA9C /* yotaUITests */ = {
			isa = PBXGroup;
			children = (
				341C7D5E24F40E6600C6EA9C /* yotaUITests.swift */,
				341C7D6024F40E6600C6EA9C /* Info.plist */,
			);
			path = yotaUITests;
			sourceTree = "<group>";
		};
		344E2A2C24F81C7600E9A24F /* Extensions */ = {
			isa = PBXGroup;
			children = (
				344E2A2D24F81CD700E9A24F /* UIFont.swift */,
				344E2A2F24F81DB900E9A24F /* UIColor.swift */,
			);
			path = Extensions;
			sourceTree = "<group>";
		};
		344E2A3124F81E3D00E9A24F /* PresentationLayer */ = {
			isa = PBXGroup;
			children = (
				344E2A3524F81F8B00E9A24F /* UiElements */,
				344E2A3324F81EB100E9A24F /* Widgets */,
			);
			path = PresentationLayer;
			sourceTree = "<group>";
		};
		344E2A3224F81EAB00E9A24F /* Money */ = {
			isa = PBXGroup;
			children = (
				344E2A4624F87B5A00E9A24F /* View */,
				344E2A4324F87A5100E9A24F /* Presenter */,
				340B083424F9074A00F83766 /* Configurator */,
			);
			path = Money;
			sourceTree = "<group>";
		};
		344E2A3324F81EB100E9A24F /* Widgets */ = {
			isa = PBXGroup;
			children = (
				34D45E0424FA767A00A56152 /* MoneyHeader */,
				344E2A3224F81EAB00E9A24F /* Money */,
			);
			path = Widgets;
			sourceTree = "<group>";
		};
		344E2A3524F81F8B00E9A24F /* UiElements */ = {
			isa = PBXGroup;
			children = (
				340B083A24F91EAA00F83766 /* CardInfoView.swift */,
				344E2A3824F83BF300E9A24F /* PaySystemView.swift */,
			);
			path = UiElements;
			sourceTree = "<group>";
		};
		344E2A4324F87A5100E9A24F /* Presenter */ = {
			isa = PBXGroup;
			children = (
				344E2A3B24F85A5000E9A24F /* MoneyPresenter.swift */,
				344E2A3F24F87A1C00E9A24F /* MoneyModuleInput.swift */,
				344E2A4124F87A3900E9A24F /* MoneyModuleOutput.swift */,
				344E2A3D24F878F300E9A24F /* MoneyModuleProtocol.swift */,
			);
			path = Presenter;
			sourceTree = "<group>";
		};
		344E2A4624F87B5A00E9A24F /* View */ = {
			isa = PBXGroup;
			children = (
				347A5C4324F7061900EDF0D2 /* MoneyWidgetView.swift */,
				340B083024F903D000F83766 /* MoneyWidgetViewInput.swift */,
				340B083124F903D000F83766 /* MoneyWidgetViewOutput.swift */,
			);
			path = View;
			sourceTree = "<group>";
		};
		347A5C4F24F7168100EDF0D2 /* Fonts */ = {
			isa = PBXGroup;
			children = (
				347A5C5124F7170B00EDF0D2 /* Circe-Bold.ttf */,
				347A5C5224F7170B00EDF0D2 /* Circe-ExtraBold.ttf */,
				347A5C5024F7170B00EDF0D2 /* Circe-Regular.ttf */,
			);
			path = Fonts;
			sourceTree = "<group>";
		};
		34951A9E24F98C1D002FF3C7 /* Common */ = {
			isa = PBXGroup;
			children = (
				34951A9F24F98C25002FF3C7 /* Formatters */,
			);
			path = Common;
			sourceTree = "<group>";
		};
		34951A9F24F98C25002FF3C7 /* Formatters */ = {
			isa = PBXGroup;
			children = (
				34951AA024F98C52002FF3C7 /* BalanceFormatter.swift */,
				34951AA224F98CC6002FF3C7 /* AccountNumberFormatter.swift */,
			);
			path = Formatters;
			sourceTree = "<group>";
		};
		34951AA424F99137002FF3C7 /* UseCases */ = {
			isa = PBXGroup;
			children = (
				34951AA624F9916B002FF3C7 /* GetCustomerAccountDataUseCase.swift */,
			);
			path = UseCases;
			sourceTree = "<group>";
		};
		34951AA524F9913E002FF3C7 /* BusinessLogicLayer */ = {
			isa = PBXGroup;
			children = (
				34951AA424F99137002FF3C7 /* UseCases */,
			);
			path = BusinessLogicLayer;
			sourceTree = "<group>";
		};
		34D45E0424FA767A00A56152 /* MoneyHeader */ = {
			isa = PBXGroup;
			children = (
				34D45E0524FA768500A56152 /* View */,
				34D45E0624FA768B00A56152 /* Presenter */,
			);
			path = MoneyHeader;
			sourceTree = "<group>";
		};
		34D45E0524FA768500A56152 /* View */ = {
			isa = PBXGroup;
			children = (
				34D45E0224FA750600A56152 /* MoneyHeadertView.swift */,
				34D45E0924FA778900A56152 /* MoneyHeaderViewOutput.swift */,
				34D45E0724FA76F900A56152 /* MoneyHeaderViewInput.swift */,
			);
			path = View;
			sourceTree = "<group>";
		};
		34D45E0624FA768B00A56152 /* Presenter */ = {
			isa = PBXGroup;
			children = (
				34D45E0B24FA77BA00A56152 /* MoneyHeaderPresenter.swift */,
				346E7DA824FBDD4000C9712D /* MoneyHeaderModuleInput.swift */,
				346E7DAA24FBDD8400C9712D /* MoneyHeaderModuleOutput.swift */,
			);
			path = Presenter;
			sourceTree = "<group>";
		};
		3ADF305F24F8470800DE8045 /* View */ = {
			isa = PBXGroup;
			children = (
				3ADA2ACB24F84FEF00CB6E89 /* MainScreenInput.swift */,
				3AFCCB3324F7FA220083C773 /* MainScreenViewController.swift */,
				);
			path = Presenter;
			sourceTree = "<group>";
		};
		3ADF306024F8471000DE8045 /* Presenter */ = {
			isa = PBXGroup;
			children = (
				3ADA2AC724F84FB800CB6E89 /* MainScreenViewOutput.swift */,
				3ADA2AC924F84FCC00CB6E89 /* MainScreenModuleOutput.swift */,
				3AFCCB3524F7FA450083C773 /* MainScreenPresenter.swift */,
			);
			path = Presenter;
			sourceTree = "<group>";
		};
		3ADF306124F8471500DE8045 /* Configurator */ = {
			isa = PBXGroup;
			children = (
				3ADF305D24F8427200DE8045 /* MainScreenConfigurator.swift */,
			);
			path = Configurator;
			sourceTree = "<group>";
		};
		3AFCCB3724F7FC0E0083C773 /* MainScreen */ = {
			isa = PBXGroup;
			children = (
				3ADF305F24F8470800DE8045 /* View */,
				3ADF306024F8471000DE8045 /* Presenter */,
				3ADF306124F8471500DE8045 /* Configurator */,
			);
			path = MainScreen;
			sourceTree = "<group>";
		};
		3AFCCB3A24F831E70083C773 /* Main files */ = {
			isa = PBXGroup;
			children = (
				341C7D3C24F40E6500C6EA9C /* AppDelegate.swift */,
				341C7D4524F40E6600C6EA9C /* Assets.xcassets */,
				341C7D4724F40E6600C6EA9C /* LaunchScreen.storyboard */,
				341C7D4A24F40E6600C6EA9C /* Info.plist */,
			);
			path = "Main files";
			sourceTree = "<group>";
		};
		3AFCCB3B24F831F80083C773 /* Coordinators */ = {
			isa = PBXGroup;
			children = (
				3AFCCB3824F810CE0083C773 /* AppCoordinator.swift */,
			);
			path = Coordinators;
			sourceTree = "<group>";
		};
/* End PBXGroup section */

/* Begin PBXNativeTarget section */
		341C7D3824F40E6500C6EA9C /* yota */ = {
			isa = PBXNativeTarget;
			buildConfigurationList = 341C7D6324F40E6600C6EA9C /* Build configuration list for PBXNativeTarget "yota" */;
			buildPhases = (
				341C7D3524F40E6500C6EA9C /* Sources */,
				341C7D3624F40E6500C6EA9C /* Frameworks */,
				341C7D3724F40E6500C6EA9C /* Resources */,
				341C7D6E24F4153200C6EA9C /* SwiftLint */,
			);
			buildRules = (
			);
			dependencies = (
			);
			name = yota;
			productName = yota;
			productReference = 341C7D3924F40E6500C6EA9C /* yota.app */;
			productType = "com.apple.product-type.application";
		};
		341C7D4E24F40E6600C6EA9C /* yotaTests */ = {
			isa = PBXNativeTarget;
			buildConfigurationList = 341C7D6624F40E6600C6EA9C /* Build configuration list for PBXNativeTarget "yotaTests" */;
			buildPhases = (
				341C7D4B24F40E6600C6EA9C /* Sources */,
				341C7D4C24F40E6600C6EA9C /* Frameworks */,
				341C7D4D24F40E6600C6EA9C /* Resources */,
			);
			buildRules = (
			);
			dependencies = (
				341C7D5124F40E6600C6EA9C /* PBXTargetDependency */,
			);
			name = yotaTests;
			productName = yotaTests;
			productReference = 341C7D4F24F40E6600C6EA9C /* yotaTests.xctest */;
			productType = "com.apple.product-type.bundle.unit-test";
		};
		341C7D5924F40E6600C6EA9C /* yotaUITests */ = {
			isa = PBXNativeTarget;
			buildConfigurationList = 341C7D6924F40E6600C6EA9C /* Build configuration list for PBXNativeTarget "yotaUITests" */;
			buildPhases = (
				341C7D5624F40E6600C6EA9C /* Sources */,
				341C7D5724F40E6600C6EA9C /* Frameworks */,
				341C7D5824F40E6600C6EA9C /* Resources */,
			);
			buildRules = (
			);
			dependencies = (
				341C7D5C24F40E6600C6EA9C /* PBXTargetDependency */,
			);
			name = yotaUITests;
			productName = yotaUITests;
			productReference = 341C7D5A24F40E6600C6EA9C /* yotaUITests.xctest */;
			productType = "com.apple.product-type.bundle.ui-testing";
		};
/* End PBXNativeTarget section */

/* Begin PBXProject section */
		341C7D3124F40E6500C6EA9C /* Project object */ = {
			isa = PBXProject;
			attributes = {
				LastSwiftUpdateCheck = 1160;
				LastUpgradeCheck = 1160;
				ORGANIZATIONNAME = MST;
				TargetAttributes = {
					341C7D3824F40E6500C6EA9C = {
						CreatedOnToolsVersion = 11.6;
					};
					341C7D4E24F40E6600C6EA9C = {
						CreatedOnToolsVersion = 11.6;
						TestTargetID = 341C7D3824F40E6500C6EA9C;
					};
					341C7D5924F40E6600C6EA9C = {
						CreatedOnToolsVersion = 11.6;
						TestTargetID = 341C7D3824F40E6500C6EA9C;
					};
				};
			};
			buildConfigurationList = 341C7D3424F40E6500C6EA9C /* Build configuration list for PBXProject "yota" */;
			compatibilityVersion = "Xcode 9.3";
			developmentRegion = en;
			hasScannedForEncodings = 0;
			knownRegions = (
				en,
				Base,
			);
			mainGroup = 341C7D3024F40E6500C6EA9C;
			productRefGroup = 341C7D3A24F40E6500C6EA9C /* Products */;
			projectDirPath = "";
			projectRoot = "";
			targets = (
				341C7D3824F40E6500C6EA9C /* yota */,
				341C7D4E24F40E6600C6EA9C /* yotaTests */,
				341C7D5924F40E6600C6EA9C /* yotaUITests */,
			);
		};
/* End PBXProject section */

/* Begin PBXResourcesBuildPhase section */
		341C7D3724F40E6500C6EA9C /* Resources */ = {
			isa = PBXResourcesBuildPhase;
			buildActionMask = 2147483647;
			files = (
				347A5C5424F7170B00EDF0D2 /* Circe-Bold.ttf in Resources */,
				341C7D4924F40E6600C6EA9C /* LaunchScreen.storyboard in Resources */,
				341C7D4624F40E6600C6EA9C /* Assets.xcassets in Resources */,
				347A5C5524F7170B00EDF0D2 /* Circe-ExtraBold.ttf in Resources */,
				347A5C5324F7170B00EDF0D2 /* Circe-Regular.ttf in Resources */,
			);
			runOnlyForDeploymentPostprocessing = 0;
		};
		341C7D4D24F40E6600C6EA9C /* Resources */ = {
			isa = PBXResourcesBuildPhase;
			buildActionMask = 2147483647;
			files = (
			);
			runOnlyForDeploymentPostprocessing = 0;
		};
		341C7D5824F40E6600C6EA9C /* Resources */ = {
			isa = PBXResourcesBuildPhase;
			buildActionMask = 2147483647;
			files = (
			);
			runOnlyForDeploymentPostprocessing = 0;
		};
/* End PBXResourcesBuildPhase section */

/* Begin PBXShellScriptBuildPhase section */
		341C7D6E24F4153200C6EA9C /* SwiftLint */ = {
			isa = PBXShellScriptBuildPhase;
			buildActionMask = 2147483647;
			files = (
			);
			inputFileListPaths = (
			);
			inputPaths = (
			);
			name = SwiftLint;
			outputFileListPaths = (
			);
			outputPaths = (
			);
			runOnlyForDeploymentPostprocessing = 0;
			shellPath = /bin/sh;
			shellScript = "if which swiftlint >/dev/null; then\n  swiftlint\nelse\n  echo \"warning: SwiftLint not installed, download from https://github.com/realm/SwiftLint\"\nfi\n";
		};
/* End PBXShellScriptBuildPhase section */

/* Begin PBXSourcesBuildPhase section */
		341C7D3524F40E6500C6EA9C /* Sources */ = {
			isa = PBXSourcesBuildPhase;
			buildActionMask = 2147483647;
			files = (
				34951AA724F9916B002FF3C7 /* GetCustomerAccountDataUseCase.swift in Sources */,
				344E2A3C24F85A5000E9A24F /* MoneyPresenter.swift in Sources */,
				346E7DAB24FBDD8400C9712D /* MoneyHeaderModuleOutput.swift in Sources */,
				34D45E0A24FA778900A56152 /* MoneyHeaderViewOutput.swift in Sources */,
				344E2A4024F87A1C00E9A24F /* MoneyModuleInput.swift in Sources */,
				346E7DA924FBDD4000C9712D /* MoneyHeaderModuleInput.swift in Sources */,
				344E2A3924F83BF300E9A24F /* PaySystemView.swift in Sources */,
				344E2A3024F81DB900E9A24F /* UIColor.swift in Sources */,
				34951AA124F98C52002FF3C7 /* BalanceFormatter.swift in Sources */,
				344E2A3E24F878F300E9A24F /* MoneyModuleProtocol.swift in Sources */,
				347A5C4424F7061900EDF0D2 /* MoneyWidgetView.swift in Sources */,
				34D45E0824FA76F900A56152 /* MoneyHeaderViewInput.swift in Sources */,
				340B083224F903D000F83766 /* MoneyWidgetViewInput.swift in Sources */,
				340B083324F903D000F83766 /* MoneyWidgetViewOutput.swift in Sources */,
				344E2A2E24F81CD700E9A24F /* UIFont.swift in Sources */,
				34951AA324F98CC6002FF3C7 /* AccountNumberFormatter.swift in Sources */,
				344E2A4224F87A3900E9A24F /* MoneyModuleOutput.swift in Sources */,
				340B083624F9076600F83766 /* MoneyModuleConfigurator.swift in Sources */,
				340B083D24F91FCD00F83766 /* Currency.swift in Sources */,
				34D45E0C24FA77BA00A56152 /* MoneyHeaderPresenter.swift in Sources */,
				340B083B24F91EAA00F83766 /* CardInfoView.swift in Sources */,
				34D45E0324FA750600A56152 /* MoneyHeadertView.swift in Sources */,
				34951AA924F99E7B002FF3C7 /* PaySystem.swift in Sources */,
				340B083924F91E2F00F83766 /* CardInfo.swift in Sources */,
				3ADF305E24F8427200DE8045 /* MainScreenConfigurator.swift in Sources */,
				3AFCCB3924F810CE0083C773 /* AppCoordinator.swift in Sources */,
				3ADA2ACA24F84FCC00CB6E89 /* MainScreenModuleOutput.swift in Sources */,
				3ADA2AC824F84FB800CB6E89 /* MainScreenViewOutput.swift in Sources */,
				3ADA2ACC24F84FEF00CB6E89 /* MainScreenInput.swift in Sources */,
				3AFCCB3424F7FA230083C773 /* MainScreenViewController.swift in Sources */,
				3AFCCB3624F7FA450083C773 /* MainScreenPresenter.swift in Sources */,
				341C7D3D24F40E6500C6EA9C /* AppDelegate.swift in Sources */,
			);
			runOnlyForDeploymentPostprocessing = 0;
		};
		341C7D4B24F40E6600C6EA9C /* Sources */ = {
			isa = PBXSourcesBuildPhase;
			buildActionMask = 2147483647;
			files = (
				341C7D5424F40E6600C6EA9C /* yotaTests.swift in Sources */,
			);
			runOnlyForDeploymentPostprocessing = 0;
		};
		341C7D5624F40E6600C6EA9C /* Sources */ = {
			isa = PBXSourcesBuildPhase;
			buildActionMask = 2147483647;
			files = (
				341C7D5F24F40E6600C6EA9C /* yotaUITests.swift in Sources */,
			);
			runOnlyForDeploymentPostprocessing = 0;
		};
/* End PBXSourcesBuildPhase section */

/* Begin PBXTargetDependency section */
		341C7D5124F40E6600C6EA9C /* PBXTargetDependency */ = {
			isa = PBXTargetDependency;
			target = 341C7D3824F40E6500C6EA9C /* yota */;
			targetProxy = 341C7D5024F40E6600C6EA9C /* PBXContainerItemProxy */;
		};
		341C7D5C24F40E6600C6EA9C /* PBXTargetDependency */ = {
			isa = PBXTargetDependency;
			target = 341C7D3824F40E6500C6EA9C /* yota */;
			targetProxy = 341C7D5B24F40E6600C6EA9C /* PBXContainerItemProxy */;
		};
/* End PBXTargetDependency section */

/* Begin PBXVariantGroup section */
		341C7D4724F40E6600C6EA9C /* LaunchScreen.storyboard */ = {
			isa = PBXVariantGroup;
			children = (
				341C7D4824F40E6600C6EA9C /* Base */,
			);
			name = LaunchScreen.storyboard;
			sourceTree = "<group>";
		};
/* End PBXVariantGroup section */

/* Begin XCBuildConfiguration section */
		341C7D6124F40E6600C6EA9C /* Debug */ = {
			isa = XCBuildConfiguration;
			buildSettings = {
				ALWAYS_SEARCH_USER_PATHS = NO;
				CLANG_ANALYZER_NONNULL = YES;
				CLANG_ANALYZER_NUMBER_OBJECT_CONVERSION = YES_AGGRESSIVE;
				CLANG_CXX_LANGUAGE_STANDARD = "gnu++14";
				CLANG_CXX_LIBRARY = "libc++";
				CLANG_ENABLE_MODULES = YES;
				CLANG_ENABLE_OBJC_ARC = YES;
				CLANG_ENABLE_OBJC_WEAK = YES;
				CLANG_WARN_BLOCK_CAPTURE_AUTORELEASING = YES;
				CLANG_WARN_BOOL_CONVERSION = YES;
				CLANG_WARN_COMMA = YES;
				CLANG_WARN_CONSTANT_CONVERSION = YES;
				CLANG_WARN_DEPRECATED_OBJC_IMPLEMENTATIONS = YES;
				CLANG_WARN_DIRECT_OBJC_ISA_USAGE = YES_ERROR;
				CLANG_WARN_DOCUMENTATION_COMMENTS = YES;
				CLANG_WARN_EMPTY_BODY = YES;
				CLANG_WARN_ENUM_CONVERSION = YES;
				CLANG_WARN_INFINITE_RECURSION = YES;
				CLANG_WARN_INT_CONVERSION = YES;
				CLANG_WARN_NON_LITERAL_NULL_CONVERSION = YES;
				CLANG_WARN_OBJC_IMPLICIT_RETAIN_SELF = YES;
				CLANG_WARN_OBJC_LITERAL_CONVERSION = YES;
				CLANG_WARN_OBJC_ROOT_CLASS = YES_ERROR;
				CLANG_WARN_RANGE_LOOP_ANALYSIS = YES;
				CLANG_WARN_STRICT_PROTOTYPES = YES;
				CLANG_WARN_SUSPICIOUS_MOVE = YES;
				CLANG_WARN_UNGUARDED_AVAILABILITY = YES_AGGRESSIVE;
				CLANG_WARN_UNREACHABLE_CODE = YES;
				CLANG_WARN__DUPLICATE_METHOD_MATCH = YES;
				COPY_PHASE_STRIP = NO;
				DEBUG_INFORMATION_FORMAT = dwarf;
				ENABLE_STRICT_OBJC_MSGSEND = YES;
				ENABLE_TESTABILITY = YES;
				GCC_C_LANGUAGE_STANDARD = gnu11;
				GCC_DYNAMIC_NO_PIC = NO;
				GCC_NO_COMMON_BLOCKS = YES;
				GCC_OPTIMIZATION_LEVEL = 0;
				GCC_PREPROCESSOR_DEFINITIONS = (
					"DEBUG=1",
					"$(inherited)",
				);
				GCC_WARN_64_TO_32_BIT_CONVERSION = YES;
				GCC_WARN_ABOUT_RETURN_TYPE = YES_ERROR;
				GCC_WARN_UNDECLARED_SELECTOR = YES;
				GCC_WARN_UNINITIALIZED_AUTOS = YES_AGGRESSIVE;
				GCC_WARN_UNUSED_FUNCTION = YES;
				GCC_WARN_UNUSED_VARIABLE = YES;
				IPHONEOS_DEPLOYMENT_TARGET = 12.0;
				MTL_ENABLE_DEBUG_INFO = INCLUDE_SOURCE;
				MTL_FAST_MATH = YES;
				ONLY_ACTIVE_ARCH = YES;
				SDKROOT = iphoneos;
				SWIFT_ACTIVE_COMPILATION_CONDITIONS = DEBUG;
				SWIFT_OPTIMIZATION_LEVEL = "-Onone";
			};
			name = Debug;
		};
		341C7D6224F40E6600C6EA9C /* Release */ = {
			isa = XCBuildConfiguration;
			buildSettings = {
				ALWAYS_SEARCH_USER_PATHS = NO;
				CLANG_ANALYZER_NONNULL = YES;
				CLANG_ANALYZER_NUMBER_OBJECT_CONVERSION = YES_AGGRESSIVE;
				CLANG_CXX_LANGUAGE_STANDARD = "gnu++14";
				CLANG_CXX_LIBRARY = "libc++";
				CLANG_ENABLE_MODULES = YES;
				CLANG_ENABLE_OBJC_ARC = YES;
				CLANG_ENABLE_OBJC_WEAK = YES;
				CLANG_WARN_BLOCK_CAPTURE_AUTORELEASING = YES;
				CLANG_WARN_BOOL_CONVERSION = YES;
				CLANG_WARN_COMMA = YES;
				CLANG_WARN_CONSTANT_CONVERSION = YES;
				CLANG_WARN_DEPRECATED_OBJC_IMPLEMENTATIONS = YES;
				CLANG_WARN_DIRECT_OBJC_ISA_USAGE = YES_ERROR;
				CLANG_WARN_DOCUMENTATION_COMMENTS = YES;
				CLANG_WARN_EMPTY_BODY = YES;
				CLANG_WARN_ENUM_CONVERSION = YES;
				CLANG_WARN_INFINITE_RECURSION = YES;
				CLANG_WARN_INT_CONVERSION = YES;
				CLANG_WARN_NON_LITERAL_NULL_CONVERSION = YES;
				CLANG_WARN_OBJC_IMPLICIT_RETAIN_SELF = YES;
				CLANG_WARN_OBJC_LITERAL_CONVERSION = YES;
				CLANG_WARN_OBJC_ROOT_CLASS = YES_ERROR;
				CLANG_WARN_RANGE_LOOP_ANALYSIS = YES;
				CLANG_WARN_STRICT_PROTOTYPES = YES;
				CLANG_WARN_SUSPICIOUS_MOVE = YES;
				CLANG_WARN_UNGUARDED_AVAILABILITY = YES_AGGRESSIVE;
				CLANG_WARN_UNREACHABLE_CODE = YES;
				CLANG_WARN__DUPLICATE_METHOD_MATCH = YES;
				COPY_PHASE_STRIP = NO;
				DEBUG_INFORMATION_FORMAT = "dwarf-with-dsym";
				ENABLE_NS_ASSERTIONS = NO;
				ENABLE_STRICT_OBJC_MSGSEND = YES;
				GCC_C_LANGUAGE_STANDARD = gnu11;
				GCC_NO_COMMON_BLOCKS = YES;
				GCC_WARN_64_TO_32_BIT_CONVERSION = YES;
				GCC_WARN_ABOUT_RETURN_TYPE = YES_ERROR;
				GCC_WARN_UNDECLARED_SELECTOR = YES;
				GCC_WARN_UNINITIALIZED_AUTOS = YES_AGGRESSIVE;
				GCC_WARN_UNUSED_FUNCTION = YES;
				GCC_WARN_UNUSED_VARIABLE = YES;
				IPHONEOS_DEPLOYMENT_TARGET = 12.0;
				MTL_ENABLE_DEBUG_INFO = NO;
				MTL_FAST_MATH = YES;
				SDKROOT = iphoneos;
				SWIFT_COMPILATION_MODE = wholemodule;
				SWIFT_OPTIMIZATION_LEVEL = "-O";
				VALIDATE_PRODUCT = YES;
			};
			name = Release;
		};
		341C7D6424F40E6600C6EA9C /* Debug */ = {
			isa = XCBuildConfiguration;
			buildSettings = {
				ASSETCATALOG_COMPILER_APPICON_NAME = AppIcon;
				CODE_SIGN_STYLE = Automatic;
				DEVELOPMENT_TEAM = NURV9Z698E;
				INFOPLIST_FILE = "yota/Main files/Info.plist";
				LD_RUNPATH_SEARCH_PATHS = (
					"$(inherited)",
					"@executable_path/Frameworks",
				);
				PRODUCT_BUNDLE_IDENTIFIER = mst.ru.yota;
				PRODUCT_NAME = "$(TARGET_NAME)";
				SWIFT_VERSION = 5.0;
				TARGETED_DEVICE_FAMILY = "1,2";
			};
			name = Debug;
		};
		341C7D6524F40E6600C6EA9C /* Release */ = {
			isa = XCBuildConfiguration;
			buildSettings = {
				ASSETCATALOG_COMPILER_APPICON_NAME = AppIcon;
				CODE_SIGN_STYLE = Automatic;
				DEVELOPMENT_TEAM = NURV9Z698E;
				INFOPLIST_FILE = "yota/Main files/Info.plist";
				LD_RUNPATH_SEARCH_PATHS = (
					"$(inherited)",
					"@executable_path/Frameworks",
				);
				PRODUCT_BUNDLE_IDENTIFIER = mst.ru.yota;
				PRODUCT_NAME = "$(TARGET_NAME)";
				SWIFT_VERSION = 5.0;
				TARGETED_DEVICE_FAMILY = "1,2";
			};
			name = Release;
		};
		341C7D6724F40E6600C6EA9C /* Debug */ = {
			isa = XCBuildConfiguration;
			buildSettings = {
				ALWAYS_EMBED_SWIFT_STANDARD_LIBRARIES = YES;
				BUNDLE_LOADER = "$(TEST_HOST)";
				CODE_SIGN_STYLE = Automatic;
				DEVELOPMENT_TEAM = NURV9Z698E;
				INFOPLIST_FILE = yotaTests/Info.plist;
				IPHONEOS_DEPLOYMENT_TARGET = 13.6;
				LD_RUNPATH_SEARCH_PATHS = (
					"$(inherited)",
					"@executable_path/Frameworks",
					"@loader_path/Frameworks",
				);
				PRODUCT_BUNDLE_IDENTIFIER = mst.ru.yotaTests;
				PRODUCT_NAME = "$(TARGET_NAME)";
				SWIFT_VERSION = 5.0;
				TARGETED_DEVICE_FAMILY = "1,2";
				TEST_HOST = "$(BUILT_PRODUCTS_DIR)/yota.app/yota";
			};
			name = Debug;
		};
		341C7D6824F40E6600C6EA9C /* Release */ = {
			isa = XCBuildConfiguration;
			buildSettings = {
				ALWAYS_EMBED_SWIFT_STANDARD_LIBRARIES = YES;
				BUNDLE_LOADER = "$(TEST_HOST)";
				CODE_SIGN_STYLE = Automatic;
				DEVELOPMENT_TEAM = NURV9Z698E;
				INFOPLIST_FILE = yotaTests/Info.plist;
				IPHONEOS_DEPLOYMENT_TARGET = 13.6;
				LD_RUNPATH_SEARCH_PATHS = (
					"$(inherited)",
					"@executable_path/Frameworks",
					"@loader_path/Frameworks",
				);
				PRODUCT_BUNDLE_IDENTIFIER = mst.ru.yotaTests;
				PRODUCT_NAME = "$(TARGET_NAME)";
				SWIFT_VERSION = 5.0;
				TARGETED_DEVICE_FAMILY = "1,2";
				TEST_HOST = "$(BUILT_PRODUCTS_DIR)/yota.app/yota";
			};
			name = Release;
		};
		341C7D6A24F40E6600C6EA9C /* Debug */ = {
			isa = XCBuildConfiguration;
			buildSettings = {
				ALWAYS_EMBED_SWIFT_STANDARD_LIBRARIES = YES;
				CODE_SIGN_STYLE = Automatic;
				DEVELOPMENT_TEAM = NURV9Z698E;
				INFOPLIST_FILE = yotaUITests/Info.plist;
				LD_RUNPATH_SEARCH_PATHS = (
					"$(inherited)",
					"@executable_path/Frameworks",
					"@loader_path/Frameworks",
				);
				PRODUCT_BUNDLE_IDENTIFIER = mst.ru.yotaUITests;
				PRODUCT_NAME = "$(TARGET_NAME)";
				SWIFT_VERSION = 5.0;
				TARGETED_DEVICE_FAMILY = "1,2";
				TEST_TARGET_NAME = yota;
			};
			name = Debug;
		};
		341C7D6B24F40E6600C6EA9C /* Release */ = {
			isa = XCBuildConfiguration;
			buildSettings = {
				ALWAYS_EMBED_SWIFT_STANDARD_LIBRARIES = YES;
				CODE_SIGN_STYLE = Automatic;
				DEVELOPMENT_TEAM = NURV9Z698E;
				INFOPLIST_FILE = yotaUITests/Info.plist;
				LD_RUNPATH_SEARCH_PATHS = (
					"$(inherited)",
					"@executable_path/Frameworks",
					"@loader_path/Frameworks",
				);
				PRODUCT_BUNDLE_IDENTIFIER = mst.ru.yotaUITests;
				PRODUCT_NAME = "$(TARGET_NAME)";
				SWIFT_VERSION = 5.0;
				TARGETED_DEVICE_FAMILY = "1,2";
				TEST_TARGET_NAME = yota;
			};
			name = Release;
		};
/* End XCBuildConfiguration section */

/* Begin XCConfigurationList section */
		341C7D3424F40E6500C6EA9C /* Build configuration list for PBXProject "yota" */ = {
			isa = XCConfigurationList;
			buildConfigurations = (
				341C7D6124F40E6600C6EA9C /* Debug */,
				341C7D6224F40E6600C6EA9C /* Release */,
			);
			defaultConfigurationIsVisible = 0;
			defaultConfigurationName = Release;
		};
		341C7D6324F40E6600C6EA9C /* Build configuration list for PBXNativeTarget "yota" */ = {
			isa = XCConfigurationList;
			buildConfigurations = (
				341C7D6424F40E6600C6EA9C /* Debug */,
				341C7D6524F40E6600C6EA9C /* Release */,
			);
			defaultConfigurationIsVisible = 0;
			defaultConfigurationName = Release;
		};
		341C7D6624F40E6600C6EA9C /* Build configuration list for PBXNativeTarget "yotaTests" */ = {
			isa = XCConfigurationList;
			buildConfigurations = (
				341C7D6724F40E6600C6EA9C /* Debug */,
				341C7D6824F40E6600C6EA9C /* Release */,
			);
			defaultConfigurationIsVisible = 0;
			defaultConfigurationName = Release;
		};
		341C7D6924F40E6600C6EA9C /* Build configuration list for PBXNativeTarget "yotaUITests" */ = {
			isa = XCConfigurationList;
			buildConfigurations = (
				341C7D6A24F40E6600C6EA9C /* Debug */,
				341C7D6B24F40E6600C6EA9C /* Release */,
			);
			defaultConfigurationIsVisible = 0;
			defaultConfigurationName = Release;
		};
/* End XCConfigurationList section */
	};
	rootObject = 341C7D3124F40E6500C6EA9C /* Project object */;
}
